
Microsoft Visual Studio Solution File, Format Version 12.00
# Visual Studio Version 16
VisualStudioVersion = 16.0.31613.86
MinimumVisualStudioVersion = 10.0.40219.1
Project("{FAE04EC0-301F-11D3-BF4B-00C04F79EFBC}") = "SeriesDIO", "SeriesDIO.csproj", "{5E45C41E-977F-4463-B475-D4B25894E838}"
EndProject
Global
	GlobalSection(SolutionConfigurationPlatforms) = preSolution
		Debug|Any CPU = Debug|Any CPU
		Release|Any CPU = Release|Any CPU
	EndGlobalSection
	GlobalSection(ProjectConfigurationPlatforms) = postSolution
		{5E45C41E-977F-4463-B475-D4B25894E838}.Debug|Any CPU.ActiveCfg = Debug|Any CPU
		{5E45C41E-977F-4463-B475-D4B25894E838}.Debug|Any CPU.Build.0 = Debug|Any CPU
		{5E45C41E-977F-4463-B475-D4B25894E838}.Release|Any CPU.ActiveCfg = Release|Any CPU
		{5E45C41E-977F-4463-B475-D4B25894E838}.Release|Any CPU.Build.0 = Release|Any CPU
	EndGlobalSection
	GlobalSection(SolutionProperties) = preSolution
		HideSolutionNode = FALSE
	EndGlobalSection
	GlobalSection(ExtensibilityGlobals) = postSolution
		SolutionGuid = {4AF24D21-3129-406C-B7A0-D9D9D619A120}
	EndGlobalSection
EndGlobal
